
Microsoft Visual Studio Solution File, Format Version 12.00
Project("{FAE04EC0-301F-11D3-BF4B-00C04F79EFBC}") = "TransactionManager", "TransactionManager\TransactionManager.csproj", "{68169588-A1BE-4CF4-8214-B0564BA17450}"
EndProject
Global
	GlobalSection(SolutionConfigurationPlatforms) = preSolution
		Debug|Any CPU = Debug|Any CPU
		Release|Any CPU = Release|Any CPU
	EndGlobalSection
	GlobalSection(ProjectConfigurationPlatforms) = postSolution
		{68169588-A1BE-4CF4-8214-B0564BA17450}.Debug|Any CPU.ActiveCfg = Debug|Any CPU
		{68169588-A1BE-4CF4-8214-B0564BA17450}.Debug|Any CPU.Build.0 = Debug|Any CPU
		{68169588-A1BE-4CF4-8214-B0564BA17450}.Release|Any CPU.ActiveCfg = Release|Any CPU
		{68169588-A1BE-4CF4-8214-B0564BA17450}.Release|Any CPU.Build.0 = Release|Any CPU
	EndGlobalSection
EndGlobal
